
Microsoft Visual Studio Solution File, Format Version 12.00
# Visual Studio Version 16
VisualStudioVersion = 16.0.31624.102
MinimumVisualStudioVersion = 10.0.40219.1
Project("{9A19103F-16F7-4668-BE54-9A1E7A4F7556}") = "ShopApp.WebUI", "ShopApp.WebUI\ShopApp.WebUI.csproj", "{89374805-1E8A-4D50-B8C9-AF26910F4531}"
EndProject
Project("{9A19103F-16F7-4668-BE54-9A1E7A4F7556}") = "ShopApp.Entity", "ShopApp.Entity\ShopApp.Entity.csproj", "{94ACC914-7F13-4ABC-803B-2A951C7C3A96}"
EndProject
Project("{9A19103F-16F7-4668-BE54-9A1E7A4F7556}") = "ShopApp.Data", "ShopApp.Data\ShopApp.Data.csproj", "{3E053E03-873B-4018-AF6B-2AADE5599FC0}"
EndProject
Project("{9A19103F-16F7-4668-BE54-9A1E7A4F7556}") = "ShopApp.Business", "ShopApp.Business\ShopApp.Business.csproj", "{2CE47FC4-034E-48E2-96A3-C3E939C8C713}"
EndProject
Project("{FAE04EC0-301F-11D3-BF4B-00C04F79EFBC}") = "ShopApp.WebAPI", "ShopApp.WebAPI\ShopApp.WebAPI.csproj", "{ADC8F62B-5E18-4839-ABB5-0157D359B0DD}"
EndProject
Global
	GlobalSection(SolutionConfigurationPlatforms) = preSolution
		Debug|Any CPU = Debug|Any CPU
		Release|Any CPU = Release|Any CPU
	EndGlobalSection
	GlobalSection(ProjectConfigurationPlatforms) = postSolution
		{89374805-1E8A-4D50-B8C9-AF26910F4531}.Debug|Any CPU.ActiveCfg = Debug|Any CPU
		{89374805-1E8A-4D50-B8C9-AF26910F4531}.Debug|Any CPU.Build.0 = Debug|Any CPU
		{89374805-1E8A-4D50-B8C9-AF26910F4531}.Release|Any CPU.ActiveCfg = Release|Any CPU
		{89374805-1E8A-4D50-B8C9-AF26910F4531}.Release|Any CPU.Build.0 = Release|Any CPU
		{94ACC914-7F13-4ABC-803B-2A951C7C3A96}.Debug|Any CPU.ActiveCfg = Debug|Any CPU
		{94ACC914-7F13-4ABC-803B-2A951C7C3A96}.Debug|Any CPU.Build.0 = Debug|Any CPU
		{94ACC914-7F13-4ABC-803B-2A951C7C3A96}.Release|Any CPU.ActiveCfg = Release|Any CPU
		{94ACC914-7F13-4ABC-803B-2A951C7C3A96}.Release|Any CPU.Build.0 = Release|Any CPU
		{3E053E03-873B-4018-AF6B-2AADE5599FC0}.Debug|Any CPU.ActiveCfg = Debug|Any CPU
		{3E053E03-873B-4018-AF6B-2AADE5599FC0}.Debug|Any CPU.Build.0 = Debug|Any CPU
		{3E053E03-873B-4018-AF6B-2AADE5599FC0}.Release|Any CPU.ActiveCfg = Release|Any CPU
		{3E053E03-873B-4018-AF6B-2AADE5599FC0}.Release|Any CPU.Build.0 = Release|Any CPU
		{2CE47FC4-034E-48E2-96A3-C3E939C8C713}.Debug|Any CPU.ActiveCfg = Debug|Any CPU
		{2CE47FC4-034E-48E2-96A3-C3E939C8C713}.Debug|Any CPU.Build.0 = Debug|Any CPU
		{2CE47FC4-034E-48E2-96A3-C3E939C8C713}.Release|Any CPU.ActiveCfg = Release|Any CPU
		{2CE47FC4-034E-48E2-96A3-C3E939C8C713}.Release|Any CPU.Build.0 = Release|Any CPU
		{ADC8F62B-5E18-4839-ABB5-0157D359B0DD}.Debug|Any CPU.ActiveCfg = Debug|Any CPU
		{ADC8F62B-5E18-4839-ABB5-0157D359B0DD}.Debug|Any CPU.Build.0 = Debug|Any CPU
		{ADC8F62B-5E18-4839-ABB5-0157D359B0DD}.Release|Any CPU.ActiveCfg = Release|Any CPU
		{ADC8F62B-5E18-4839-ABB5-0157D359B0DD}.Release|Any CPU.Build.0 = Release|Any CPU
	EndGlobalSection
	GlobalSection(SolutionProperties) = preSolution
		HideSolutionNode = FALSE
	EndGlobalSection
	GlobalSection(ExtensibilityGlobals) = postSolution
		SolutionGuid = {9392A629-9E53-4DBB-8B51-41BB41CF5E46}
	EndGlobalSection
EndGlobal
